
Microsoft Visual Studio Solution File, Format Version 12.00
# Visual Studio Version 17
VisualStudioVersion = 17.2.32516.85
MinimumVisualStudioVersion = 10.0.40219.1
Project("{FAE04EC0-301F-11D3-BF4B-00C04F79EFBC}") = "WpfApp1", "WpfApp1\WpfApp1.csproj", "{0EF66608-2989-42CB-A717-D7D5FC7ED3F5}"
EndProject
Global
	GlobalSection(SolutionConfigurationPlatforms) = preSolution
		Debug|Any CPU = Debug|Any CPU
		Release|Any CPU = Release|Any CPU
	EndGlobalSection
	GlobalSection(ProjectConfigurationPlatforms) = postSolution
		{0EF66608-2989-42CB-A717-D7D5FC7ED3F5}.Debug|Any CPU.ActiveCfg = Debug|Any CPU
		{0EF66608-2989-42CB-A717-D7D5FC7ED3F5}.Debug|Any CPU.Build.0 = Debug|Any CPU
		{0EF66608-2989-42CB-A717-D7D5FC7ED3F5}.Release|Any CPU.ActiveCfg = Release|Any CPU
		{0EF66608-2989-42CB-A717-D7D5FC7ED3F5}.Release|Any CPU.Build.0 = Release|Any CPU
	EndGlobalSection
	GlobalSection(SolutionProperties) = preSolution
		HideSolutionNode = FALSE
	EndGlobalSection
	GlobalSection(ExtensibilityGlobals) = postSolution
		SolutionGuid = {D1615C3D-1E15-4EC9-91DA-D8A650DDD964}
	EndGlobalSection
EndGlobal
